// !$*UTF8*$!
{
	archiveVersion = 1;
	classes = {
	};
	objectVersion = 56;
	objects = {

/* Begin PBXBuildFile section */
		A32C2E7F292ECF8F00421ED0 /* TrackMeApp.swift in Sources */ = {isa = PBXBuildFile; fileRef = A32C2E7E292ECF8F00421ED0 /* TrackMeApp.swift */; };
		A32C2E81292ECF8F00421ED0 /* PersistenceController.swift in Sources */ = {isa = PBXBuildFile; fileRef = A32C2E80292ECF8F00421ED0 /* PersistenceController.swift */; };
		A32C2E84292ECF8F00421ED0 /* TrackMe.xcdatamodeld in Sources */ = {isa = PBXBuildFile; fileRef = A32C2E82292ECF8F00421ED0 /* TrackMe.xcdatamodeld */; };
		A32C2E86292ECF8F00421ED0 /* ContentView.swift in Sources */ = {isa = PBXBuildFile; fileRef = A32C2E85292ECF8F00421ED0 /* ContentView.swift */; };
		A32C2E88292ECF9000421ED0 /* Assets.xcassets in Resources */ = {isa = PBXBuildFile; fileRef = A32C2E87292ECF9000421ED0 /* Assets.xcassets */; };
		A32C2E8C292ECF9000421ED0 /* Preview Assets.xcassets in Resources */ = {isa = PBXBuildFile; fileRef = A32C2E8B292ECF9000421ED0 /* Preview Assets.xcassets */; };
		A32C2E96292ECF9000421ED0 /* TrackMeTests.swift in Sources */ = {isa = PBXBuildFile; fileRef = A32C2E95292ECF9000421ED0 /* TrackMeTests.swift */; };
		A32C2EA0292ECF9000421ED0 /* TrackMeUITests.swift in Sources */ = {isa = PBXBuildFile; fileRef = A32C2E9F292ECF9000421ED0 /* TrackMeUITests.swift */; };
		A32C2EA2292ECF9000421ED0 /* TrackMeUITestsLaunchTests.swift in Sources */ = {isa = PBXBuildFile; fileRef = A32C2EA1292ECF9000421ED0 /* TrackMeUITestsLaunchTests.swift */; };
		A32C2EAF292ED19D00421ED0 /* MealView.swift in Sources */ = {isa = PBXBuildFile; fileRef = A32C2EAE292ED19C00421ED0 /* MealView.swift */; };
		A32C2EB2292FA91A00421ED0 /* Food.swift in Sources */ = {isa = PBXBuildFile; fileRef = A32C2EB1292FA91A00421ED0 /* Food.swift */; };
		A32C2EB4292FF1DD00421ED0 /* FoodTests.swift in Sources */ = {isa = PBXBuildFile; fileRef = A32C2EB3292FF1DD00421ED0 /* FoodTests.swift */; };
		A32C2EB629312D3D00421ED0 /* Day.swift in Sources */ = {isa = PBXBuildFile; fileRef = A32C2EB529312D3D00421ED0 /* Day.swift */; };
		A32C2EB829323B9F00421ED0 /* DayTests.swift in Sources */ = {isa = PBXBuildFile; fileRef = A32C2EB729323B9F00421ED0 /* DayTests.swift */; };
		A32C2EBA2932451500421ED0 /* TestFoods.swift in Sources */ = {isa = PBXBuildFile; fileRef = A32C2EB92932451500421ED0 /* TestFoods.swift */; };
		A32C2EBD2939982E00421ED0 /* MainTabView.swift in Sources */ = {isa = PBXBuildFile; fileRef = A32C2EBC2939982E00421ED0 /* MainTabView.swift */; };
		A32C2EC229399F3D00421ED0 /* Date.swift in Sources */ = {isa = PBXBuildFile; fileRef = A32C2EC129399F3D00421ED0 /* Date.swift */; };
		A32C2EC6294807E300421ED0 /* DayView.swift in Sources */ = {isa = PBXBuildFile; fileRef = A32C2EC5294807E300421ED0 /* DayView.swift */; };
		A336D70C2956461700E7A977 /* MacrosView.swift in Sources */ = {isa = PBXBuildFile; fileRef = A336D70B2956461700E7A977 /* MacrosView.swift */; };
		A336D70E29574B2900E7A977 /* EatenFoodView.swift in Sources */ = {isa = PBXBuildFile; fileRef = A336D70D29574B2900E7A977 /* EatenFoodView.swift */; };
		A336D71029578CC800E7A977 /* FoodListView.swift in Sources */ = {isa = PBXBuildFile; fileRef = A336D70F29578CC800E7A977 /* FoodListView.swift */; };
		A336D71229578CEB00E7A977 /* FoodController.swift in Sources */ = {isa = PBXBuildFile; fileRef = A336D71129578CEB00E7A977 /* FoodController.swift */; };
		A336D71429578E6900E7A977 /* EdibleListViewModel.swift in Sources */ = {isa = PBXBuildFile; fileRef = A336D71329578E6900E7A977 /* EdibleListViewModel.swift */; };
		A336D71629579C1800E7A977 /* StoredIngredient+Extensions.swift in Sources */ = {isa = PBXBuildFile; fileRef = A336D71529579C1800E7A977 /* StoredIngredient+Extensions.swift */; };
		A3E6A2F429481A8B00E0AA69 /* Recipe.swift in Sources */ = {isa = PBXBuildFile; fileRef = A3E6A2F329481A8B00E0AA69 /* Recipe.swift */; };
		A3E6A2FA29481AE200E0AA69 /* Amount.swift in Sources */ = {isa = PBXBuildFile; fileRef = A3E6A2F929481AE200E0AA69 /* Amount.swift */; };
		A3E6A2FC29481B0300E0AA69 /* Macronutrients.swift in Sources */ = {isa = PBXBuildFile; fileRef = A3E6A2FB29481B0300E0AA69 /* Macronutrients.swift */; };
		A3E6A2FE29481B2400E0AA69 /* Meal.swift in Sources */ = {isa = PBXBuildFile; fileRef = A3E6A2FD29481B2400E0AA69 /* Meal.swift */; };
		A3E6A30029481B3600E0AA69 /* EatenFood.swift in Sources */ = {isa = PBXBuildFile; fileRef = A3E6A2FF29481B3600E0AA69 /* EatenFood.swift */; };
		A3E6A30329495A2F00E0AA69 /* StoredMacronutrients+Extensions.swift in Sources */ = {isa = PBXBuildFile; fileRef = A3E6A30229495A2F00E0AA69 /* StoredMacronutrients+Extensions.swift */; };
		A3EBCB09294C024100893D36 /* StoredMeasurement+Extensions.swift in Sources */ = {isa = PBXBuildFile; fileRef = A3EBCB08294C024100893D36 /* StoredMeasurement+Extensions.swift */; };
		A3EBCB0B294C029000893D36 /* StoredAmount+Extensions.swift in Sources */ = {isa = PBXBuildFile; fileRef = A3EBCB0A294C029000893D36 /* StoredAmount+Extensions.swift */; };
		A3EBCB0F294C05BF00893D36 /* StoredEatenFood+Extensions.swift in Sources */ = {isa = PBXBuildFile; fileRef = A3EBCB0E294C05BF00893D36 /* StoredEatenFood+Extensions.swift */; };
		A3EBCB11294C066200893D36 /* StoredFood+Extensions.swift in Sources */ = {isa = PBXBuildFile; fileRef = A3EBCB10294C066200893D36 /* StoredFood+Extensions.swift */; };
		A3EBCB13294C076200893D36 /* StoredMeal+Extensions.swift in Sources */ = {isa = PBXBuildFile; fileRef = A3EBCB12294C076200893D36 /* StoredMeal+Extensions.swift */; };
		A3EBCB15294C07CA00893D36 /* StoredDay+Extensions.swift in Sources */ = {isa = PBXBuildFile; fileRef = A3EBCB14294C07CA00893D36 /* StoredDay+Extensions.swift */; };
		A3EBCB18294C111B00893D36 /* DayViewModel.swift in Sources */ = {isa = PBXBuildFile; fileRef = A3EBCB17294C111B00893D36 /* DayViewModel.swift */; };
		A3EBCB1F2955FCC000893D36 /* PersistenceController+Preview.swift in Sources */ = {isa = PBXBuildFile; fileRef = A3EBCB1E2955FCC000893D36 /* PersistenceController+Preview.swift */; };
		A3EBCB212955FDF000893D36 /* DayController.swift in Sources */ = {isa = PBXBuildFile; fileRef = A3EBCB202955FDF000893D36 /* DayController.swift */; };
		A3EBCB232956085700893D36 /* StoredRecipe+Extensions.swift in Sources */ = {isa = PBXBuildFile; fileRef = A3EBCB222956085700893D36 /* StoredRecipe+Extensions.swift */; };
/* End PBXBuildFile section */

/* Begin PBXContainerItemProxy section */
		A32C2E92292ECF9000421ED0 /* PBXContainerItemProxy */ = {
			isa = PBXContainerItemProxy;
			containerPortal = A32C2E73292ECF8F00421ED0 /* Project object */;
			proxyType = 1;
			remoteGlobalIDString = A32C2E7A292ECF8F00421ED0;
			remoteInfo = TrackMe;
		};
		A32C2E9C292ECF9000421ED0 /* PBXContainerItemProxy */ = {
			isa = PBXContainerItemProxy;
			containerPortal = A32C2E73292ECF8F00421ED0 /* Project object */;
			proxyType = 1;
			remoteGlobalIDString = A32C2E7A292ECF8F00421ED0;
			remoteInfo = TrackMe;
		};
/* End PBXContainerItemProxy section */

/* Begin PBXFileReference section */
		A32C2E7B292ECF8F00421ED0 /* TrackMe.app */ = {isa = PBXFileReference; explicitFileType = wrapper.application; includeInIndex = 0; path = TrackMe.app; sourceTree = BUILT_PRODUCTS_DIR; };
		A32C2E7E292ECF8F00421ED0 /* TrackMeApp.swift */ = {isa = PBXFileReference; lastKnownFileType = sourcecode.swift; path = TrackMeApp.swift; sourceTree = "<group>"; };
		A32C2E80292ECF8F00421ED0 /* PersistenceController.swift */ = {isa = PBXFileReference; lastKnownFileType = sourcecode.swift; path = PersistenceController.swift; sourceTree = "<group>"; };
		A32C2E83292ECF8F00421ED0 /* TrackMe.xcdatamodel */ = {isa = PBXFileReference; lastKnownFileType = wrapper.xcdatamodel; path = TrackMe.xcdatamodel; sourceTree = "<group>"; };
		A32C2E85292ECF8F00421ED0 /* ContentView.swift */ = {isa = PBXFileReference; lastKnownFileType = sourcecode.swift; path = ContentView.swift; sourceTree = "<group>"; };
		A32C2E87292ECF9000421ED0 /* Assets.xcassets */ = {isa = PBXFileReference; lastKnownFileType = folder.assetcatalog; path = Assets.xcassets; sourceTree = "<group>"; };
		A32C2E89292ECF9000421ED0 /* TrackMe.entitlements */ = {isa = PBXFileReference; lastKnownFileType = text.plist.entitlements; path = TrackMe.entitlements; sourceTree = "<group>"; };
		A32C2E8B292ECF9000421ED0 /* Preview Assets.xcassets */ = {isa = PBXFileReference; lastKnownFileType = folder.assetcatalog; path = "Preview Assets.xcassets"; sourceTree = "<group>"; };
		A32C2E91292ECF9000421ED0 /* TrackMeTests.xctest */ = {isa = PBXFileReference; explicitFileType = wrapper.cfbundle; includeInIndex = 0; path = TrackMeTests.xctest; sourceTree = BUILT_PRODUCTS_DIR; };
		A32C2E95292ECF9000421ED0 /* TrackMeTests.swift */ = {isa = PBXFileReference; lastKnownFileType = sourcecode.swift; path = TrackMeTests.swift; sourceTree = "<group>"; };
		A32C2E9B292ECF9000421ED0 /* TrackMeUITests.xctest */ = {isa = PBXFileReference; explicitFileType = wrapper.cfbundle; includeInIndex = 0; path = TrackMeUITests.xctest; sourceTree = BUILT_PRODUCTS_DIR; };
		A32C2E9F292ECF9000421ED0 /* TrackMeUITests.swift */ = {isa = PBXFileReference; lastKnownFileType = sourcecode.swift; path = TrackMeUITests.swift; sourceTree = "<group>"; };
		A32C2EA1292ECF9000421ED0 /* TrackMeUITestsLaunchTests.swift */ = {isa = PBXFileReference; lastKnownFileType = sourcecode.swift; path = TrackMeUITestsLaunchTests.swift; sourceTree = "<group>"; };
		A32C2EAE292ED19C00421ED0 /* MealView.swift */ = {isa = PBXFileReference; lastKnownFileType = sourcecode.swift; path = MealView.swift; sourceTree = "<group>"; };
		A32C2EB1292FA91A00421ED0 /* Food.swift */ = {isa = PBXFileReference; lastKnownFileType = sourcecode.swift; path = Food.swift; sourceTree = "<group>"; };
		A32C2EB3292FF1DD00421ED0 /* FoodTests.swift */ = {isa = PBXFileReference; lastKnownFileType = sourcecode.swift; path = FoodTests.swift; sourceTree = "<group>"; };
		A32C2EB529312D3D00421ED0 /* Day.swift */ = {isa = PBXFileReference; lastKnownFileType = sourcecode.swift; path = Day.swift; sourceTree = "<group>"; };
		A32C2EB729323B9F00421ED0 /* DayTests.swift */ = {isa = PBXFileReference; lastKnownFileType = sourcecode.swift; path = DayTests.swift; sourceTree = "<group>"; };
		A32C2EB92932451500421ED0 /* TestFoods.swift */ = {isa = PBXFileReference; lastKnownFileType = sourcecode.swift; path = TestFoods.swift; sourceTree = "<group>"; };
		A32C2EBC2939982E00421ED0 /* MainTabView.swift */ = {isa = PBXFileReference; lastKnownFileType = sourcecode.swift; path = MainTabView.swift; sourceTree = "<group>"; };
		A32C2EC129399F3D00421ED0 /* Date.swift */ = {isa = PBXFileReference; lastKnownFileType = sourcecode.swift; path = Date.swift; sourceTree = "<group>"; };
		A32C2EC5294807E300421ED0 /* DayView.swift */ = {isa = PBXFileReference; lastKnownFileType = sourcecode.swift; path = DayView.swift; sourceTree = "<group>"; };
		A336D70B2956461700E7A977 /* MacrosView.swift */ = {isa = PBXFileReference; lastKnownFileType = sourcecode.swift; path = MacrosView.swift; sourceTree = "<group>"; };
		A336D70D29574B2900E7A977 /* EatenFoodView.swift */ = {isa = PBXFileReference; lastKnownFileType = sourcecode.swift; path = EatenFoodView.swift; sourceTree = "<group>"; };
		A336D70F29578CC800E7A977 /* FoodListView.swift */ = {isa = PBXFileReference; lastKnownFileType = sourcecode.swift; path = FoodListView.swift; sourceTree = "<group>"; };
		A336D71129578CEB00E7A977 /* FoodController.swift */ = {isa = PBXFileReference; lastKnownFileType = sourcecode.swift; path = FoodController.swift; sourceTree = "<group>"; };
		A336D71329578E6900E7A977 /* EdibleListViewModel.swift */ = {isa = PBXFileReference; lastKnownFileType = sourcecode.swift; path = EdibleListViewModel.swift; sourceTree = "<group>"; };
		A336D71529579C1800E7A977 /* StoredIngredient+Extensions.swift */ = {isa = PBXFileReference; lastKnownFileType = sourcecode.swift; path = "StoredIngredient+Extensions.swift"; sourceTree = "<group>"; };
		A3E6A2F329481A8B00E0AA69 /* Recipe.swift */ = {isa = PBXFileReference; lastKnownFileType = sourcecode.swift; path = Recipe.swift; sourceTree = "<group>"; };
		A3E6A2F929481AE200E0AA69 /* Amount.swift */ = {isa = PBXFileReference; lastKnownFileType = sourcecode.swift; path = Amount.swift; sourceTree = "<group>"; };
		A3E6A2FB29481B0300E0AA69 /* Macronutrients.swift */ = {isa = PBXFileReference; lastKnownFileType = sourcecode.swift; path = Macronutrients.swift; sourceTree = "<group>"; };
		A3E6A2FD29481B2400E0AA69 /* Meal.swift */ = {isa = PBXFileReference; lastKnownFileType = sourcecode.swift; path = Meal.swift; sourceTree = "<group>"; };
		A3E6A2FF29481B3600E0AA69 /* EatenFood.swift */ = {isa = PBXFileReference; lastKnownFileType = sourcecode.swift; path = EatenFood.swift; sourceTree = "<group>"; };
		A3E6A30229495A2F00E0AA69 /* StoredMacronutrients+Extensions.swift */ = {isa = PBXFileReference; lastKnownFileType = sourcecode.swift; path = "StoredMacronutrients+Extensions.swift"; sourceTree = "<group>"; };
		A3EBCB08294C024100893D36 /* StoredMeasurement+Extensions.swift */ = {isa = PBXFileReference; lastKnownFileType = sourcecode.swift; path = "StoredMeasurement+Extensions.swift"; sourceTree = "<group>"; };
		A3EBCB0A294C029000893D36 /* StoredAmount+Extensions.swift */ = {isa = PBXFileReference; lastKnownFileType = sourcecode.swift; path = "StoredAmount+Extensions.swift"; sourceTree = "<group>"; };
		A3EBCB0E294C05BF00893D36 /* StoredEatenFood+Extensions.swift */ = {isa = PBXFileReference; lastKnownFileType = sourcecode.swift; path = "StoredEatenFood+Extensions.swift"; sourceTree = "<group>"; };
		A3EBCB10294C066200893D36 /* StoredFood+Extensions.swift */ = {isa = PBXFileReference; lastKnownFileType = sourcecode.swift; path = "StoredFood+Extensions.swift"; sourceTree = "<group>"; };
		A3EBCB12294C076200893D36 /* StoredMeal+Extensions.swift */ = {isa = PBXFileReference; lastKnownFileType = sourcecode.swift; path = "StoredMeal+Extensions.swift"; sourceTree = "<group>"; };
		A3EBCB14294C07CA00893D36 /* StoredDay+Extensions.swift */ = {isa = PBXFileReference; lastKnownFileType = sourcecode.swift; path = "StoredDay+Extensions.swift"; sourceTree = "<group>"; };
		A3EBCB17294C111B00893D36 /* DayViewModel.swift */ = {isa = PBXFileReference; lastKnownFileType = sourcecode.swift; path = DayViewModel.swift; sourceTree = "<group>"; };
		A3EBCB1E2955FCC000893D36 /* PersistenceController+Preview.swift */ = {isa = PBXFileReference; lastKnownFileType = sourcecode.swift; path = "PersistenceController+Preview.swift"; sourceTree = "<group>"; };
		A3EBCB202955FDF000893D36 /* DayController.swift */ = {isa = PBXFileReference; lastKnownFileType = sourcecode.swift; path = DayController.swift; sourceTree = "<group>"; };
		A3EBCB222956085700893D36 /* StoredRecipe+Extensions.swift */ = {isa = PBXFileReference; lastKnownFileType = sourcecode.swift; path = "StoredRecipe+Extensions.swift"; sourceTree = "<group>"; };
/* End PBXFileReference section */

/* Begin PBXFrameworksBuildPhase section */
		A32C2E78292ECF8F00421ED0 /* Frameworks */ = {
			isa = PBXFrameworksBuildPhase;
			buildActionMask = 2147483647;
			files = (
			);
			runOnlyForDeploymentPostprocessing = 0;
		};
		A32C2E8E292ECF9000421ED0 /* Frameworks */ = {
			isa = PBXFrameworksBuildPhase;
			buildActionMask = 2147483647;
			files = (
			);
			runOnlyForDeploymentPostprocessing = 0;
		};
		A32C2E98292ECF9000421ED0 /* Frameworks */ = {
			isa = PBXFrameworksBuildPhase;
			buildActionMask = 2147483647;
			files = (
			);
			runOnlyForDeploymentPostprocessing = 0;
		};
/* End PBXFrameworksBuildPhase section */

/* Begin PBXGroup section */
		A32C2E72292ECF8F00421ED0 = {
			isa = PBXGroup;
			children = (
				A32C2E7D292ECF8F00421ED0 /* TrackMe */,
				A32C2E94292ECF9000421ED0 /* TrackMeTests */,
				A32C2E9E292ECF9000421ED0 /* TrackMeUITests */,
				A32C2E7C292ECF8F00421ED0 /* Products */,
			);
			sourceTree = "<group>";
		};
		A32C2E7C292ECF8F00421ED0 /* Products */ = {
			isa = PBXGroup;
			children = (
				A32C2E7B292ECF8F00421ED0 /* TrackMe.app */,
				A32C2E91292ECF9000421ED0 /* TrackMeTests.xctest */,
				A32C2E9B292ECF9000421ED0 /* TrackMeUITests.xctest */,
			);
			name = Products;
			sourceTree = "<group>";
		};
		A32C2E7D292ECF8F00421ED0 /* TrackMe */ = {
			isa = PBXGroup;
			children = (
				A3EBCB1C2955FC3800893D36 /* Views */,
				A3EBCB192955FBBA00893D36 /* Controllers */,
				A3EBCB16294C110C00893D36 /* ViewModels */,
				A32C2E87292ECF9000421ED0 /* Assets.xcassets */,
				A32C2EC029399F2700421ED0 /* Extensions */,
				A32C2EB0292FA90700421ED0 /* Models */,
				A32C2E8A292ECF9000421ED0 /* Preview Content */,
				A32C2E89292ECF9000421ED0 /* TrackMe.entitlements */,
				A32C2E82292ECF8F00421ED0 /* TrackMe.xcdatamodeld */,
				A32C2E7E292ECF8F00421ED0 /* TrackMeApp.swift */,
			);
			path = TrackMe;
			sourceTree = "<group>";
		};
		A32C2E8A292ECF9000421ED0 /* Preview Content */ = {
			isa = PBXGroup;
			children = (
				A32C2E8B292ECF9000421ED0 /* Preview Assets.xcassets */,
			);
			path = "Preview Content";
			sourceTree = "<group>";
		};
		A32C2E94292ECF9000421ED0 /* TrackMeTests */ = {
			isa = PBXGroup;
			children = (
				A32C2E95292ECF9000421ED0 /* TrackMeTests.swift */,
				A32C2EB3292FF1DD00421ED0 /* FoodTests.swift */,
				A32C2EB729323B9F00421ED0 /* DayTests.swift */,
				A32C2EB92932451500421ED0 /* TestFoods.swift */,
			);
			path = TrackMeTests;
			sourceTree = "<group>";
		};
		A32C2E9E292ECF9000421ED0 /* TrackMeUITests */ = {
			isa = PBXGroup;
			children = (
				A32C2E9F292ECF9000421ED0 /* TrackMeUITests.swift */,
				A32C2EA1292ECF9000421ED0 /* TrackMeUITestsLaunchTests.swift */,
			);
			path = TrackMeUITests;
			sourceTree = "<group>";
		};
		A32C2EB0292FA90700421ED0 /* Models */ = {
			isa = PBXGroup;
			children = (
				A3E6A2F929481AE200E0AA69 /* Amount.swift */,
				A32C2EB529312D3D00421ED0 /* Day.swift */,
				A3E6A2FF29481B3600E0AA69 /* EatenFood.swift */,
				A32C2EB1292FA91A00421ED0 /* Food.swift */,
				A3E6A2FB29481B0300E0AA69 /* Macronutrients.swift */,
				A3E6A2FD29481B2400E0AA69 /* Meal.swift */,
				A3E6A2F329481A8B00E0AA69 /* Recipe.swift */,
				A3E6A30129495A1C00E0AA69 /* Stored */,
			);
			path = Models;
			sourceTree = "<group>";
		};
		A32C2EC029399F2700421ED0 /* Extensions */ = {
			isa = PBXGroup;
			children = (
				A32C2EC129399F3D00421ED0 /* Date.swift */,
			);
			path = Extensions;
			sourceTree = "<group>";
		};
		A3E6A30129495A1C00E0AA69 /* Stored */ = {
			isa = PBXGroup;
			children = (
				A3E6A30229495A2F00E0AA69 /* StoredMacronutrients+Extensions.swift */,
				A3EBCB08294C024100893D36 /* StoredMeasurement+Extensions.swift */,
				A3EBCB0A294C029000893D36 /* StoredAmount+Extensions.swift */,
				A3EBCB0E294C05BF00893D36 /* StoredEatenFood+Extensions.swift */,
				A3EBCB10294C066200893D36 /* StoredFood+Extensions.swift */,
				A3EBCB12294C076200893D36 /* StoredMeal+Extensions.swift */,
				A3EBCB14294C07CA00893D36 /* StoredDay+Extensions.swift */,
				A3EBCB222956085700893D36 /* StoredRecipe+Extensions.swift */,
				A336D71529579C1800E7A977 /* StoredIngredient+Extensions.swift */,
			);
			path = Stored;
			sourceTree = "<group>";
		};
		A3EBCB16294C110C00893D36 /* ViewModels */ = {
			isa = PBXGroup;
			children = (
				A3EBCB17294C111B00893D36 /* DayViewModel.swift */,
				A336D71329578E6900E7A977 /* EdibleListViewModel.swift */,
			);
			path = ViewModels;
			sourceTree = "<group>";
		};
		A3EBCB192955FBBA00893D36 /* Controllers */ = {
			isa = PBXGroup;
			children = (
				A3EBCB1D2955FCA500893D36 /* Extensions */,
				A32C2E80292ECF8F00421ED0 /* PersistenceController.swift */,
				A3EBCB202955FDF000893D36 /* DayController.swift */,
				A336D71129578CEB00E7A977 /* FoodController.swift */,
			);
			path = Controllers;
			sourceTree = "<group>";
		};
		A3EBCB1C2955FC3800893D36 /* Views */ = {
			isa = PBXGroup;
			children = (
				A32C2E85292ECF8F00421ED0 /* ContentView.swift */,
				A32C2EC5294807E300421ED0 /* DayView.swift */,
				A32C2EBC2939982E00421ED0 /* MainTabView.swift */,
				A32C2EAE292ED19C00421ED0 /* MealView.swift */,
				A336D70B2956461700E7A977 /* MacrosView.swift */,
				A336D70D29574B2900E7A977 /* EatenFoodView.swift */,
				A336D70F29578CC800E7A977 /* FoodListView.swift */,
			);
			path = Views;
			sourceTree = "<group>";
		};
		A3EBCB1D2955FCA500893D36 /* Extensions */ = {
			isa = PBXGroup;
			children = (
				A3EBCB1E2955FCC000893D36 /* PersistenceController+Preview.swift */,
			);
			path = Extensions;
			sourceTree = "<group>";
		};
/* End PBXGroup section */

/* Begin PBXNativeTarget section */
		A32C2E7A292ECF8F00421ED0 /* TrackMe */ = {
			isa = PBXNativeTarget;
			buildConfigurationList = A32C2EA5292ECF9000421ED0 /* Build configuration list for PBXNativeTarget "TrackMe" */;
			buildPhases = (
				A32C2E77292ECF8F00421ED0 /* Sources */,
				A32C2E78292ECF8F00421ED0 /* Frameworks */,
				A32C2E79292ECF8F00421ED0 /* Resources */,
			);
			buildRules = (
			);
			dependencies = (
			);
			name = TrackMe;
			productName = TrackMe;
			productReference = A32C2E7B292ECF8F00421ED0 /* TrackMe.app */;
			productType = "com.apple.product-type.application";
		};
		A32C2E90292ECF9000421ED0 /* TrackMeTests */ = {
			isa = PBXNativeTarget;
			buildConfigurationList = A32C2EA8292ECF9000421ED0 /* Build configuration list for PBXNativeTarget "TrackMeTests" */;
			buildPhases = (
				A32C2E8D292ECF9000421ED0 /* Sources */,
				A32C2E8E292ECF9000421ED0 /* Frameworks */,
				A32C2E8F292ECF9000421ED0 /* Resources */,
			);
			buildRules = (
			);
			dependencies = (
				A32C2E93292ECF9000421ED0 /* PBXTargetDependency */,
			);
			name = TrackMeTests;
			productName = TrackMeTests;
			productReference = A32C2E91292ECF9000421ED0 /* TrackMeTests.xctest */;
			productType = "com.apple.product-type.bundle.unit-test";
		};
		A32C2E9A292ECF9000421ED0 /* TrackMeUITests */ = {
			isa = PBXNativeTarget;
			buildConfigurationList = A32C2EAB292ECF9000421ED0 /* Build configuration list for PBXNativeTarget "TrackMeUITests" */;
			buildPhases = (
				A32C2E97292ECF9000421ED0 /* Sources */,
				A32C2E98292ECF9000421ED0 /* Frameworks */,
				A32C2E99292ECF9000421ED0 /* Resources */,
			);
			buildRules = (
			);
			dependencies = (
				A32C2E9D292ECF9000421ED0 /* PBXTargetDependency */,
			);
			name = TrackMeUITests;
			productName = TrackMeUITests;
			productReference = A32C2E9B292ECF9000421ED0 /* TrackMeUITests.xctest */;
			productType = "com.apple.product-type.bundle.ui-testing";
		};
/* End PBXNativeTarget section */

/* Begin PBXProject section */
		A32C2E73292ECF8F00421ED0 /* Project object */ = {
			isa = PBXProject;
			attributes = {
				BuildIndependentTargetsInParallel = 1;
				LastSwiftUpdateCheck = 1410;
				LastUpgradeCheck = 1410;
				TargetAttributes = {
					A32C2E7A292ECF8F00421ED0 = {
						CreatedOnToolsVersion = 14.1;
					};
					A32C2E90292ECF9000421ED0 = {
						CreatedOnToolsVersion = 14.1;
						TestTargetID = A32C2E7A292ECF8F00421ED0;
					};
					A32C2E9A292ECF9000421ED0 = {
						CreatedOnToolsVersion = 14.1;
						TestTargetID = A32C2E7A292ECF8F00421ED0;
					};
				};
			};
			buildConfigurationList = A32C2E76292ECF8F00421ED0 /* Build configuration list for PBXProject "TrackMe" */;
			compatibilityVersion = "Xcode 14.0";
			developmentRegion = en;
			hasScannedForEncodings = 0;
			knownRegions = (
				en,
				Base,
			);
			mainGroup = A32C2E72292ECF8F00421ED0;
			productRefGroup = A32C2E7C292ECF8F00421ED0 /* Products */;
			projectDirPath = "";
			projectRoot = "";
			targets = (
				A32C2E7A292ECF8F00421ED0 /* TrackMe */,
				A32C2E90292ECF9000421ED0 /* TrackMeTests */,
				A32C2E9A292ECF9000421ED0 /* TrackMeUITests */,
			);
		};
/* End PBXProject section */

/* Begin PBXResourcesBuildPhase section */
		A32C2E79292ECF8F00421ED0 /* Resources */ = {
			isa = PBXResourcesBuildPhase;
			buildActionMask = 2147483647;
			files = (
				A32C2E8C292ECF9000421ED0 /* Preview Assets.xcassets in Resources */,
				A32C2E88292ECF9000421ED0 /* Assets.xcassets in Resources */,
			);
			runOnlyForDeploymentPostprocessing = 0;
		};
		A32C2E8F292ECF9000421ED0 /* Resources */ = {
			isa = PBXResourcesBuildPhase;
			buildActionMask = 2147483647;
			files = (
			);
			runOnlyForDeploymentPostprocessing = 0;
		};
		A32C2E99292ECF9000421ED0 /* Resources */ = {
			isa = PBXResourcesBuildPhase;
			buildActionMask = 2147483647;
			files = (
			);
			runOnlyForDeploymentPostprocessing = 0;
		};
/* End PBXResourcesBuildPhase section */

/* Begin PBXSourcesBuildPhase section */
		A32C2E77292ECF8F00421ED0 /* Sources */ = {
			isa = PBXSourcesBuildPhase;
			buildActionMask = 2147483647;
			files = (
				A32C2E7F292ECF8F00421ED0 /* TrackMeApp.swift in Sources */,
				A3EBCB0B294C029000893D36 /* StoredAmount+Extensions.swift in Sources */,
				A3EBCB212955FDF000893D36 /* DayController.swift in Sources */,
				A336D70E29574B2900E7A977 /* EatenFoodView.swift in Sources */,
				A336D70C2956461700E7A977 /* MacrosView.swift in Sources */,
				A32C2EC6294807E300421ED0 /* DayView.swift in Sources */,
				A3EBCB1F2955FCC000893D36 /* PersistenceController+Preview.swift in Sources */,
				A3E6A2FA29481AE200E0AA69 /* Amount.swift in Sources */,
				A3E6A2FE29481B2400E0AA69 /* Meal.swift in Sources */,
				A3EBCB13294C076200893D36 /* StoredMeal+Extensions.swift in Sources */,
				A32C2EC229399F3D00421ED0 /* Date.swift in Sources */,
				A32C2EBD2939982E00421ED0 /* MainTabView.swift in Sources */,
				A3EBCB11294C066200893D36 /* StoredFood+Extensions.swift in Sources */,
				A3EBCB232956085700893D36 /* StoredRecipe+Extensions.swift in Sources */,
				A3EBCB0F294C05BF00893D36 /* StoredEatenFood+Extensions.swift in Sources */,
				A32C2E84292ECF8F00421ED0 /* TrackMe.xcdatamodeld in Sources */,
				A32C2EB629312D3D00421ED0 /* Day.swift in Sources */,
				A32C2E86292ECF8F00421ED0 /* ContentView.swift in Sources */,
				A32C2E81292ECF8F00421ED0 /* PersistenceController.swift in Sources */,
				A336D71629579C1800E7A977 /* StoredIngredient+Extensions.swift in Sources */,
				A3E6A30029481B3600E0AA69 /* EatenFood.swift in Sources */,
				A336D71429578E6900E7A977 /* EdibleListViewModel.swift in Sources */,
				A3EBCB18294C111B00893D36 /* DayViewModel.swift in Sources */,
				A3E6A30329495A2F00E0AA69 /* StoredMacronutrients+Extensions.swift in Sources */,
				A32C2EAF292ED19D00421ED0 /* MealView.swift in Sources */,
				A3E6A2FC29481B0300E0AA69 /* Macronutrients.swift in Sources */,
				A32C2EB2292FA91A00421ED0 /* Food.swift in Sources */,
				A336D71229578CEB00E7A977 /* FoodController.swift in Sources */,
				A336D71029578CC800E7A977 /* FoodListView.swift in Sources */,
				A3E6A2F429481A8B00E0AA69 /* Recipe.swift in Sources */,
				A3EBCB09294C024100893D36 /* StoredMeasurement+Extensions.swift in Sources */,
				A3EBCB15294C07CA00893D36 /* StoredDay+Extensions.swift in Sources */,
			);
			runOnlyForDeploymentPostprocessing = 0;
		};
		A32C2E8D292ECF9000421ED0 /* Sources */ = {
			isa = PBXSourcesBuildPhase;
			buildActionMask = 2147483647;
			files = (
				A32C2EB829323B9F00421ED0 /* DayTests.swift in Sources */,
				A32C2EBA2932451500421ED0 /* TestFoods.swift in Sources */,
				A32C2E96292ECF9000421ED0 /* TrackMeTests.swift in Sources */,
				A32C2EB4292FF1DD00421ED0 /* FoodTests.swift in Sources */,
			);
			runOnlyForDeploymentPostprocessing = 0;
		};
		A32C2E97292ECF9000421ED0 /* Sources */ = {
			isa = PBXSourcesBuildPhase;
			buildActionMask = 2147483647;
			files = (
				A32C2EA2292ECF9000421ED0 /* TrackMeUITestsLaunchTests.swift in Sources */,
				A32C2EA0292ECF9000421ED0 /* TrackMeUITests.swift in Sources */,
			);
			runOnlyForDeploymentPostprocessing = 0;
		};
/* End PBXSourcesBuildPhase section */

/* Begin PBXTargetDependency section */
		A32C2E93292ECF9000421ED0 /* PBXTargetDependency */ = {
			isa = PBXTargetDependency;
			target = A32C2E7A292ECF8F00421ED0 /* TrackMe */;
			targetProxy = A32C2E92292ECF9000421ED0 /* PBXContainerItemProxy */;
		};
		A32C2E9D292ECF9000421ED0 /* PBXTargetDependency */ = {
			isa = PBXTargetDependency;
			target = A32C2E7A292ECF8F00421ED0 /* TrackMe */;
			targetProxy = A32C2E9C292ECF9000421ED0 /* PBXContainerItemProxy */;
		};
/* End PBXTargetDependency section */

/* Begin XCBuildConfiguration section */
		A32C2EA3292ECF9000421ED0 /* Debug */ = {
			isa = XCBuildConfiguration;
			buildSettings = {
				ALWAYS_SEARCH_USER_PATHS = NO;
				CLANG_ANALYZER_NONNULL = YES;
				CLANG_ANALYZER_NUMBER_OBJECT_CONVERSION = YES_AGGRESSIVE;
				CLANG_CXX_LANGUAGE_STANDARD = "gnu++20";
				CLANG_ENABLE_MODULES = YES;
				CLANG_ENABLE_OBJC_ARC = YES;
				CLANG_ENABLE_OBJC_WEAK = YES;
				CLANG_WARN_BLOCK_CAPTURE_AUTORELEASING = YES;
				CLANG_WARN_BOOL_CONVERSION = YES;
				CLANG_WARN_COMMA = YES;
				CLANG_WARN_CONSTANT_CONVERSION = YES;
				CLANG_WARN_DEPRECATED_OBJC_IMPLEMENTATIONS = YES;
				CLANG_WARN_DIRECT_OBJC_ISA_USAGE = YES_ERROR;
				CLANG_WARN_DOCUMENTATION_COMMENTS = YES;
				CLANG_WARN_EMPTY_BODY = YES;
				CLANG_WARN_ENUM_CONVERSION = YES;
				CLANG_WARN_INFINITE_RECURSION = YES;
				CLANG_WARN_INT_CONVERSION = YES;
				CLANG_WARN_NON_LITERAL_NULL_CONVERSION = YES;
				CLANG_WARN_OBJC_IMPLICIT_RETAIN_SELF = YES;
				CLANG_WARN_OBJC_LITERAL_CONVERSION = YES;
				CLANG_WARN_OBJC_ROOT_CLASS = YES_ERROR;
				CLANG_WARN_QUOTED_INCLUDE_IN_FRAMEWORK_HEADER = YES;
				CLANG_WARN_RANGE_LOOP_ANALYSIS = YES;
				CLANG_WARN_STRICT_PROTOTYPES = YES;
				CLANG_WARN_SUSPICIOUS_MOVE = YES;
				CLANG_WARN_UNGUARDED_AVAILABILITY = YES_AGGRESSIVE;
				CLANG_WARN_UNREACHABLE_CODE = YES;
				CLANG_WARN__DUPLICATE_METHOD_MATCH = YES;
				COPY_PHASE_STRIP = NO;
				DEBUG_INFORMATION_FORMAT = dwarf;
				ENABLE_STRICT_OBJC_MSGSEND = YES;
				ENABLE_TESTABILITY = YES;
				GCC_C_LANGUAGE_STANDARD = gnu11;
				GCC_DYNAMIC_NO_PIC = NO;
				GCC_NO_COMMON_BLOCKS = YES;
				GCC_OPTIMIZATION_LEVEL = 0;
				GCC_PREPROCESSOR_DEFINITIONS = (
					"DEBUG=1",
					"$(inherited)",
				);
				GCC_WARN_64_TO_32_BIT_CONVERSION = YES;
				GCC_WARN_ABOUT_RETURN_TYPE = YES_ERROR;
				GCC_WARN_UNDECLARED_SELECTOR = YES;
				GCC_WARN_UNINITIALIZED_AUTOS = YES_AGGRESSIVE;
				GCC_WARN_UNUSED_FUNCTION = YES;
				GCC_WARN_UNUSED_VARIABLE = YES;
				MTL_ENABLE_DEBUG_INFO = INCLUDE_SOURCE;
				MTL_FAST_MATH = YES;
				ONLY_ACTIVE_ARCH = YES;
				SWIFT_ACTIVE_COMPILATION_CONDITIONS = DEBUG;
				SWIFT_OPTIMIZATION_LEVEL = "-Onone";
			};
			name = Debug;
		};
		A32C2EA4292ECF9000421ED0 /* Release */ = {
			isa = XCBuildConfiguration;
			buildSettings = {
				ALWAYS_SEARCH_USER_PATHS = NO;
				CLANG_ANALYZER_NONNULL = YES;
				CLANG_ANALYZER_NUMBER_OBJECT_CONVERSION = YES_AGGRESSIVE;
				CLANG_CXX_LANGUAGE_STANDARD = "gnu++20";
				CLANG_ENABLE_MODULES = YES;
				CLANG_ENABLE_OBJC_ARC = YES;
				CLANG_ENABLE_OBJC_WEAK = YES;
				CLANG_WARN_BLOCK_CAPTURE_AUTORELEASING = YES;
				CLANG_WARN_BOOL_CONVERSION = YES;
				CLANG_WARN_COMMA = YES;
				CLANG_WARN_CONSTANT_CONVERSION = YES;
				CLANG_WARN_DEPRECATED_OBJC_IMPLEMENTATIONS = YES;
				CLANG_WARN_DIRECT_OBJC_ISA_USAGE = YES_ERROR;
				CLANG_WARN_DOCUMENTATION_COMMENTS = YES;
				CLANG_WARN_EMPTY_BODY = YES;
				CLANG_WARN_ENUM_CONVERSION = YES;
				CLANG_WARN_INFINITE_RECURSION = YES;
				CLANG_WARN_INT_CONVERSION = YES;
				CLANG_WARN_NON_LITERAL_NULL_CONVERSION = YES;
				CLANG_WARN_OBJC_IMPLICIT_RETAIN_SELF = YES;
				CLANG_WARN_OBJC_LITERAL_CONVERSION = YES;
				CLANG_WARN_OBJC_ROOT_CLASS = YES_ERROR;
				CLANG_WARN_QUOTED_INCLUDE_IN_FRAMEWORK_HEADER = YES;
				CLANG_WARN_RANGE_LOOP_ANALYSIS = YES;
				CLANG_WARN_STRICT_PROTOTYPES = YES;
				CLANG_WARN_SUSPICIOUS_MOVE = YES;
				CLANG_WARN_UNGUARDED_AVAILABILITY = YES_AGGRESSIVE;
				CLANG_WARN_UNREACHABLE_CODE = YES;
				CLANG_WARN__DUPLICATE_METHOD_MATCH = YES;
				COPY_PHASE_STRIP = NO;
				DEBUG_INFORMATION_FORMAT = "dwarf-with-dsym";
				ENABLE_NS_ASSERTIONS = NO;
				ENABLE_STRICT_OBJC_MSGSEND = YES;
				GCC_C_LANGUAGE_STANDARD = gnu11;
				GCC_NO_COMMON_BLOCKS = YES;
				GCC_WARN_64_TO_32_BIT_CONVERSION = YES;
				GCC_WARN_ABOUT_RETURN_TYPE = YES_ERROR;
				GCC_WARN_UNDECLARED_SELECTOR = YES;
				GCC_WARN_UNINITIALIZED_AUTOS = YES_AGGRESSIVE;
				GCC_WARN_UNUSED_FUNCTION = YES;
				GCC_WARN_UNUSED_VARIABLE = YES;
				MTL_ENABLE_DEBUG_INFO = NO;
				MTL_FAST_MATH = YES;
				SWIFT_COMPILATION_MODE = wholemodule;
				SWIFT_OPTIMIZATION_LEVEL = "-O";
			};
			name = Release;
		};
		A32C2EA6292ECF9000421ED0 /* Debug */ = {
			isa = XCBuildConfiguration;
			buildSettings = {
				ASSETCATALOG_COMPILER_APPICON_NAME = AppIcon;
				ASSETCATALOG_COMPILER_GLOBAL_ACCENT_COLOR_NAME = AccentColor;
				CODE_SIGN_ENTITLEMENTS = TrackMe/TrackMe.entitlements;
				CODE_SIGN_STYLE = Automatic;
				CURRENT_PROJECT_VERSION = 1;
				DEVELOPMENT_ASSET_PATHS = "\"TrackMe/Preview Content\"";
				DEVELOPMENT_TEAM = G8D7T2DDDN;
				ENABLE_HARDENED_RUNTIME = YES;
				ENABLE_PREVIEWS = YES;
				GENERATE_INFOPLIST_FILE = YES;
				"INFOPLIST_KEY_UIApplicationSceneManifest_Generation[sdk=iphoneos*]" = YES;
				"INFOPLIST_KEY_UIApplicationSceneManifest_Generation[sdk=iphonesimulator*]" = YES;
				"INFOPLIST_KEY_UIApplicationSupportsIndirectInputEvents[sdk=iphoneos*]" = YES;
				"INFOPLIST_KEY_UIApplicationSupportsIndirectInputEvents[sdk=iphonesimulator*]" = YES;
				"INFOPLIST_KEY_UILaunchScreen_Generation[sdk=iphoneos*]" = YES;
				"INFOPLIST_KEY_UILaunchScreen_Generation[sdk=iphonesimulator*]" = YES;
				"INFOPLIST_KEY_UIStatusBarStyle[sdk=iphoneos*]" = UIStatusBarStyleDefault;
				"INFOPLIST_KEY_UIStatusBarStyle[sdk=iphonesimulator*]" = UIStatusBarStyleDefault;
				INFOPLIST_KEY_UISupportedInterfaceOrientations = "UIInterfaceOrientationLandscapeLeft UIInterfaceOrientationLandscapeRight UIInterfaceOrientationPortrait UIInterfaceOrientationPortraitUpsideDown";
				IPHONEOS_DEPLOYMENT_TARGET = 16.1;
				LD_RUNPATH_SEARCH_PATHS = "@executable_path/Frameworks";
				"LD_RUNPATH_SEARCH_PATHS[sdk=macosx*]" = "@executable_path/../Frameworks";
				MACOSX_DEPLOYMENT_TARGET = 13.0;
				MARKETING_VERSION = 1.0;
				PRODUCT_BUNDLE_IDENTIFIER = jhdees.TrackMe;
				PRODUCT_NAME = "$(TARGET_NAME)";
				SDKROOT = auto;
				SUPPORTED_PLATFORMS = "iphoneos iphonesimulator macosx";
				SWIFT_EMIT_LOC_STRINGS = YES;
				SWIFT_VERSION = 5.0;
				TARGETED_DEVICE_FAMILY = "1,2";
			};
			name = Debug;
		};
		A32C2EA7292ECF9000421ED0 /* Release */ = {
			isa = XCBuildConfiguration;
			buildSettings = {
				ASSETCATALOG_COMPILER_APPICON_NAME = AppIcon;
				ASSETCATALOG_COMPILER_GLOBAL_ACCENT_COLOR_NAME = AccentColor;
				CODE_SIGN_ENTITLEMENTS = TrackMe/TrackMe.entitlements;
				CODE_SIGN_STYLE = Automatic;
				CURRENT_PROJECT_VERSION = 1;
				DEVELOPMENT_ASSET_PATHS = "\"TrackMe/Preview Content\"";
				DEVELOPMENT_TEAM = G8D7T2DDDN;
				ENABLE_HARDENED_RUNTIME = YES;
				ENABLE_PREVIEWS = YES;
				GENERATE_INFOPLIST_FILE = YES;
				"INFOPLIST_KEY_UIApplicationSceneManifest_Generation[sdk=iphoneos*]" = YES;
				"INFOPLIST_KEY_UIApplicationSceneManifest_Generation[sdk=iphonesimulator*]" = YES;
				"INFOPLIST_KEY_UIApplicationSupportsIndirectInputEvents[sdk=iphoneos*]" = YES;
				"INFOPLIST_KEY_UIApplicationSupportsIndirectInputEvents[sdk=iphonesimulator*]" = YES;
				"INFOPLIST_KEY_UILaunchScreen_Generation[sdk=iphoneos*]" = YES;
				"INFOPLIST_KEY_UILaunchScreen_Generation[sdk=iphonesimulator*]" = YES;
				"INFOPLIST_KEY_UIStatusBarStyle[sdk=iphoneos*]" = UIStatusBarStyleDefault;
				"INFOPLIST_KEY_UIStatusBarStyle[sdk=iphonesimulator*]" = UIStatusBarStyleDefault;
				INFOPLIST_KEY_UISupportedInterfaceOrientations = "UIInterfaceOrientationLandscapeLeft UIInterfaceOrientationLandscapeRight UIInterfaceOrientationPortrait UIInterfaceOrientationPortraitUpsideDown";
				IPHONEOS_DEPLOYMENT_TARGET = 16.1;
				LD_RUNPATH_SEARCH_PATHS = "@executable_path/Frameworks";
				"LD_RUNPATH_SEARCH_PATHS[sdk=macosx*]" = "@executable_path/../Frameworks";
				MACOSX_DEPLOYMENT_TARGET = 13.0;
				MARKETING_VERSION = 1.0;
				PRODUCT_BUNDLE_IDENTIFIER = jhdees.TrackMe;
				PRODUCT_NAME = "$(TARGET_NAME)";
				SDKROOT = auto;
				SUPPORTED_PLATFORMS = "iphoneos iphonesimulator macosx";
				SWIFT_EMIT_LOC_STRINGS = YES;
				SWIFT_VERSION = 5.0;
				TARGETED_DEVICE_FAMILY = "1,2";
			};
			name = Release;
		};
		A32C2EA9292ECF9000421ED0 /* Debug */ = {
			isa = XCBuildConfiguration;
			buildSettings = {
				ALWAYS_EMBED_SWIFT_STANDARD_LIBRARIES = YES;
				BUNDLE_LOADER = "$(TEST_HOST)";
				CODE_SIGN_STYLE = Automatic;
				CURRENT_PROJECT_VERSION = 1;
				DEVELOPMENT_TEAM = G8D7T2DDDN;
				GENERATE_INFOPLIST_FILE = YES;
				IPHONEOS_DEPLOYMENT_TARGET = 16.1;
				MACOSX_DEPLOYMENT_TARGET = 13.0;
				MARKETING_VERSION = 1.0;
				PRODUCT_BUNDLE_IDENTIFIER = jhdees.TrackMeTests;
				PRODUCT_NAME = "$(TARGET_NAME)";
				SDKROOT = auto;
				SUPPORTED_PLATFORMS = "iphoneos iphonesimulator macosx";
				SWIFT_EMIT_LOC_STRINGS = NO;
				SWIFT_VERSION = 5.0;
				TARGETED_DEVICE_FAMILY = "1,2";
				TEST_HOST = "$(BUILT_PRODUCTS_DIR)/TrackMe.app/$(BUNDLE_EXECUTABLE_FOLDER_PATH)/TrackMe";
			};
			name = Debug;
		};
		A32C2EAA292ECF9000421ED0 /* Release */ = {
			isa = XCBuildConfiguration;
			buildSettings = {
				ALWAYS_EMBED_SWIFT_STANDARD_LIBRARIES = YES;
				BUNDLE_LOADER = "$(TEST_HOST)";
				CODE_SIGN_STYLE = Automatic;
				CURRENT_PROJECT_VERSION = 1;
				DEVELOPMENT_TEAM = G8D7T2DDDN;
				GENERATE_INFOPLIST_FILE = YES;
				IPHONEOS_DEPLOYMENT_TARGET = 16.1;
				MACOSX_DEPLOYMENT_TARGET = 13.0;
				MARKETING_VERSION = 1.0;
				PRODUCT_BUNDLE_IDENTIFIER = jhdees.TrackMeTests;
				PRODUCT_NAME = "$(TARGET_NAME)";
				SDKROOT = auto;
				SUPPORTED_PLATFORMS = "iphoneos iphonesimulator macosx";
				SWIFT_EMIT_LOC_STRINGS = NO;
				SWIFT_VERSION = 5.0;
				TARGETED_DEVICE_FAMILY = "1,2";
				TEST_HOST = "$(BUILT_PRODUCTS_DIR)/TrackMe.app/$(BUNDLE_EXECUTABLE_FOLDER_PATH)/TrackMe";
			};
			name = Release;
		};
		A32C2EAC292ECF9000421ED0 /* Debug */ = {
			isa = XCBuildConfiguration;
			buildSettings = {
				ALWAYS_EMBED_SWIFT_STANDARD_LIBRARIES = YES;
				CODE_SIGN_STYLE = Automatic;
				CURRENT_PROJECT_VERSION = 1;
				DEVELOPMENT_TEAM = G8D7T2DDDN;
				GENERATE_INFOPLIST_FILE = YES;
				IPHONEOS_DEPLOYMENT_TARGET = 16.1;
				MACOSX_DEPLOYMENT_TARGET = 13.0;
				MARKETING_VERSION = 1.0;
				PRODUCT_BUNDLE_IDENTIFIER = jhdees.TrackMeUITests;
				PRODUCT_NAME = "$(TARGET_NAME)";
				SDKROOT = auto;
				SUPPORTED_PLATFORMS = "iphoneos iphonesimulator macosx";
				SWIFT_EMIT_LOC_STRINGS = NO;
				SWIFT_VERSION = 5.0;
				TARGETED_DEVICE_FAMILY = "1,2";
				TEST_TARGET_NAME = TrackMe;
			};
			name = Debug;
		};
		A32C2EAD292ECF9000421ED0 /* Release */ = {
			isa = XCBuildConfiguration;
			buildSettings = {
				ALWAYS_EMBED_SWIFT_STANDARD_LIBRARIES = YES;
				CODE_SIGN_STYLE = Automatic;
				CURRENT_PROJECT_VERSION = 1;
				DEVELOPMENT_TEAM = G8D7T2DDDN;
				GENERATE_INFOPLIST_FILE = YES;
				IPHONEOS_DEPLOYMENT_TARGET = 16.1;
				MACOSX_DEPLOYMENT_TARGET = 13.0;
				MARKETING_VERSION = 1.0;
				PRODUCT_BUNDLE_IDENTIFIER = jhdees.TrackMeUITests;
				PRODUCT_NAME = "$(TARGET_NAME)";
				SDKROOT = auto;
				SUPPORTED_PLATFORMS = "iphoneos iphonesimulator macosx";
				SWIFT_EMIT_LOC_STRINGS = NO;
				SWIFT_VERSION = 5.0;
				TARGETED_DEVICE_FAMILY = "1,2";
				TEST_TARGET_NAME = TrackMe;
			};
			name = Release;
		};
/* End XCBuildConfiguration section */

/* Begin XCConfigurationList section */
		A32C2E76292ECF8F00421ED0 /* Build configuration list for PBXProject "TrackMe" */ = {
			isa = XCConfigurationList;
			buildConfigurations = (
				A32C2EA3292ECF9000421ED0 /* Debug */,
				A32C2EA4292ECF9000421ED0 /* Release */,
			);
			defaultConfigurationIsVisible = 0;
			defaultConfigurationName = Release;
		};
		A32C2EA5292ECF9000421ED0 /* Build configuration list for PBXNativeTarget "TrackMe" */ = {
			isa = XCConfigurationList;
			buildConfigurations = (
				A32C2EA6292ECF9000421ED0 /* Debug */,
				A32C2EA7292ECF9000421ED0 /* Release */,
			);
			defaultConfigurationIsVisible = 0;
			defaultConfigurationName = Release;
		};
		A32C2EA8292ECF9000421ED0 /* Build configuration list for PBXNativeTarget "TrackMeTests" */ = {
			isa = XCConfigurationList;
			buildConfigurations = (
				A32C2EA9292ECF9000421ED0 /* Debug */,
				A32C2EAA292ECF9000421ED0 /* Release */,
			);
			defaultConfigurationIsVisible = 0;
			defaultConfigurationName = Release;
		};
		A32C2EAB292ECF9000421ED0 /* Build configuration list for PBXNativeTarget "TrackMeUITests" */ = {
			isa = XCConfigurationList;
			buildConfigurations = (
				A32C2EAC292ECF9000421ED0 /* Debug */,
				A32C2EAD292ECF9000421ED0 /* Release */,
			);
			defaultConfigurationIsVisible = 0;
			defaultConfigurationName = Release;
		};
/* End XCConfigurationList section */

/* Begin XCVersionGroup section */
		A32C2E82292ECF8F00421ED0 /* TrackMe.xcdatamodeld */ = {
			isa = XCVersionGroup;
			children = (
				A32C2E83292ECF8F00421ED0 /* TrackMe.xcdatamodel */,
			);
			currentVersion = A32C2E83292ECF8F00421ED0 /* TrackMe.xcdatamodel */;
			path = TrackMe.xcdatamodeld;
			sourceTree = "<group>";
			versionGroupType = wrapper.xcdatamodel;
		};
/* End XCVersionGroup section */
	};
	rootObject = A32C2E73292ECF8F00421ED0 /* Project object */;
}
